
Microsoft Visual Studio Solution File, Format Version 12.00
# Visual Studio 15
VisualStudioVersion = 15.0.27703.2018
MinimumVisualStudioVersion = 10.0.40219.1
Project("{FAE04EC0-301F-11D3-BF4B-00C04F79EFBC}") = "fibonaccirecursion", "fibonaccirecursion\fibonaccirecursion.csproj", "{DEC626E8-55E6-4699-B1EE-D0B643B5CAAA}"
EndProject
Global
	GlobalSection(SolutionConfigurationPlatforms) = preSolution
		Debug|Any CPU = Debug|Any CPU
		Release|Any CPU = Release|Any CPU
	EndGlobalSection
	GlobalSection(ProjectConfigurationPlatforms) = postSolution
		{DEC626E8-55E6-4699-B1EE-D0B643B5CAAA}.Debug|Any CPU.ActiveCfg = Debug|Any CPU
		{DEC626E8-55E6-4699-B1EE-D0B643B5CAAA}.Debug|Any CPU.Build.0 = Debug|Any CPU
		{DEC626E8-55E6-4699-B1EE-D0B643B5CAAA}.Release|Any CPU.ActiveCfg = Release|Any CPU
		{DEC626E8-55E6-4699-B1EE-D0B643B5CAAA}.Release|Any CPU.Build.0 = Release|Any CPU
	EndGlobalSection
	GlobalSection(SolutionProperties) = preSolution
		HideSolutionNode = FALSE
	EndGlobalSection
	GlobalSection(ExtensibilityGlobals) = postSolution
		SolutionGuid = {FE3C4FBD-4099-42BC-9444-C6FBE5C0AD44}
	EndGlobalSection
EndGlobal
